
Microsoft Visual Studio Solution File, Format Version 12.00
# Visual Studio Version 17
VisualStudioVersion = 17.13.35825.156
MinimumVisualStudioVersion = 10.0.40219.1
Project("{FAE04EC0-301F-11D3-BF4B-00C04F79EFBC}") = "JecrcDemo2", "JecrcDemo2\JecrcDemo2.csproj", "{B83F391F-69EA-45EC-9780-AC7227103EAC}"
EndProject
Project("{FAE04EC0-301F-11D3-BF4B-00C04F79EFBC}") = "MethodDemo1", "MethodDemo1\MethodDemo1.csproj", "{C6AB627D-AB35-42D6-AF38-E0420362684F}"
EndProject
Project("{FAE04EC0-301F-11D3-BF4B-00C04F79EFBC}") = "VirtualOverrideDemo", "VirtualOverrideDemo\VirtualOverrideDemo.csproj", "{026D9D9C-A9BF-486A-BD44-9BAEECFB9A28}"
EndProject
Global
	GlobalSection(SolutionConfigurationPlatforms) = preSolution
		Debug|Any CPU = Debug|Any CPU
		Release|Any CPU = Release|Any CPU
	EndGlobalSection
	GlobalSection(ProjectConfigurationPlatforms) = postSolution
		{B83F391F-69EA-45EC-9780-AC7227103EAC}.Debug|Any CPU.ActiveCfg = Debug|Any CPU
		{B83F391F-69EA-45EC-9780-AC7227103EAC}.Debug|Any CPU.Build.0 = Debug|Any CPU
		{B83F391F-69EA-45EC-9780-AC7227103EAC}.Release|Any CPU.ActiveCfg = Release|Any CPU
		{B83F391F-69EA-45EC-9780-AC7227103EAC}.Release|Any CPU.Build.0 = Release|Any CPU
		{C6AB627D-AB35-42D6-AF38-E0420362684F}.Debug|Any CPU.ActiveCfg = Debug|Any CPU
		{C6AB627D-AB35-42D6-AF38-E0420362684F}.Debug|Any CPU.Build.0 = Debug|Any CPU
		{C6AB627D-AB35-42D6-AF38-E0420362684F}.Release|Any CPU.ActiveCfg = Release|Any CPU
		{C6AB627D-AB35-42D6-AF38-E0420362684F}.Release|Any CPU.Build.0 = Release|Any CPU
		{026D9D9C-A9BF-486A-BD44-9BAEECFB9A28}.Debug|Any CPU.ActiveCfg = Debug|Any CPU
		{026D9D9C-A9BF-486A-BD44-9BAEECFB9A28}.Debug|Any CPU.Build.0 = Debug|Any CPU
		{026D9D9C-A9BF-486A-BD44-9BAEECFB9A28}.Release|Any CPU.ActiveCfg = Release|Any CPU
		{026D9D9C-A9BF-486A-BD44-9BAEECFB9A28}.Release|Any CPU.Build.0 = Release|Any CPU
	EndGlobalSection
	GlobalSection(SolutionProperties) = preSolution
		HideSolutionNode = FALSE
	EndGlobalSection
	GlobalSection(ExtensibilityGlobals) = postSolution
		SolutionGuid = {10CE4FF3-7F0E-4DB8-932D-66C3174962AD}
	EndGlobalSection
EndGlobal
