
Microsoft Visual Studio Solution File, Format Version 12.00
# Visual Studio Version 17
VisualStudioVersion = 17.13.35825.156
MinimumVisualStudioVersion = 10.0.40219.1
Project("{FAE04EC0-301F-11D3-BF4B-00C04F79EFBC}") = "LibraryManagementSystem", "LibraryManagementSystem\LibraryManagementSystem.csproj", "{EFB34674-0770-495E-A6C5-3E6D82FF1B4A}"
EndProject
Project("{FAE04EC0-301F-11D3-BF4B-00C04F79EFBC}") = "LibraryManagementSystemTests", "LibraryManagementSystemTests\LibraryManagementSystemTests.csproj", "{D27A0B98-5FD1-46A2-88DA-C37D319BC0A2}"
EndProject
Global
	GlobalSection(SolutionConfigurationPlatforms) = preSolution
		Debug|Any CPU = Debug|Any CPU
		Release|Any CPU = Release|Any CPU
	EndGlobalSection
	GlobalSection(ProjectConfigurationPlatforms) = postSolution
		{EFB34674-0770-495E-A6C5-3E6D82FF1B4A}.Debug|Any CPU.ActiveCfg = Debug|Any CPU
		{EFB34674-0770-495E-A6C5-3E6D82FF1B4A}.Debug|Any CPU.Build.0 = Debug|Any CPU
		{EFB34674-0770-495E-A6C5-3E6D82FF1B4A}.Release|Any CPU.ActiveCfg = Release|Any CPU
		{EFB34674-0770-495E-A6C5-3E6D82FF1B4A}.Release|Any CPU.Build.0 = Release|Any CPU
		{D27A0B98-5FD1-46A2-88DA-C37D319BC0A2}.Debug|Any CPU.ActiveCfg = Debug|Any CPU
		{D27A0B98-5FD1-46A2-88DA-C37D319BC0A2}.Debug|Any CPU.Build.0 = Debug|Any CPU
		{D27A0B98-5FD1-46A2-88DA-C37D319BC0A2}.Release|Any CPU.ActiveCfg = Release|Any CPU
		{D27A0B98-5FD1-46A2-88DA-C37D319BC0A2}.Release|Any CPU.Build.0 = Release|Any CPU
	EndGlobalSection
	GlobalSection(SolutionProperties) = preSolution
		HideSolutionNode = FALSE
	EndGlobalSection
	GlobalSection(ExtensibilityGlobals) = postSolution
		SolutionGuid = {2E2867ED-D951-4A27-AF34-0A565E4AB573}
	EndGlobalSection
EndGlobal
