Microsoft Visual Studio Solution File, Format Version 12.00
# Visual Studio Version 17
VisualStudioVersion = 17.5.2.0
MinimumVisualStudioVersion = 10.0.40219.1
Project("{FAE04EC0-301F-11D3-BF4B-00C04F79EFBC}") = "ConsoleAppWithEntityFrameworkAndMySQL", "ConsoleAppWithEntityFrameworkAndMySQL.csproj", "{58D76B2F-A54B-E634-C228-B5459F7424D0}"
EndProject
Global
	GlobalSection(SolutionConfigurationPlatforms) = preSolution
		Debug|Any CPU = Debug|Any CPU
		Release|Any CPU = Release|Any CPU
	EndGlobalSection
	GlobalSection(ProjectConfigurationPlatforms) = postSolution
		{58D76B2F-A54B-E634-C228-B5459F7424D0}.Debug|Any CPU.ActiveCfg = Debug|Any CPU
		{58D76B2F-A54B-E634-C228-B5459F7424D0}.Debug|Any CPU.Build.0 = Debug|Any CPU
		{58D76B2F-A54B-E634-C228-B5459F7424D0}.Release|Any CPU.ActiveCfg = Release|Any CPU
		{58D76B2F-A54B-E634-C228-B5459F7424D0}.Release|Any CPU.Build.0 = Release|Any CPU
	EndGlobalSection
	GlobalSection(SolutionProperties) = preSolution
		HideSolutionNode = FALSE
	EndGlobalSection
	GlobalSection(ExtensibilityGlobals) = postSolution
		SolutionGuid = {C69646FA-9CB4-45D0-9FCF-ECAF0E6AC2E2}
	EndGlobalSection
EndGlobal
