
Microsoft Visual Studio Solution File, Format Version 12.00
# Visual Studio Version 17
VisualStudioVersion = 17.13.35825.156 d17.13
MinimumVisualStudioVersion = 10.0.40219.1
Project("{FAE04EC0-301F-11D3-BF4B-00C04F79EFBC}") = "CalculatorLibrary", "CalculatorLibrary\CalculatorLibrary.csproj", "{5FF1F8D1-0B82-4A1E-9FA5-C6EEF0221277}"
EndProject
Project("{FAE04EC0-301F-11D3-BF4B-00C04F79EFBC}") = "CalculatorApplication", "CalculatorApplication\CalculatorApplication.csproj", "{8997FEE5-C2F0-4A21-996C-ADA5B1CBBC4E}"
EndProject
Project("{FAE04EC0-301F-11D3-BF4B-00C04F79EFBC}") = "CalculatorServiceTests", "CalculatorServiceTests\CalculatorServiceTests.csproj", "{D0091557-F541-4A5E-AB05-2CAD2A3B58A4}"
EndProject
Global
	GlobalSection(SolutionConfigurationPlatforms) = preSolution
		Debug|Any CPU = Debug|Any CPU
		Release|Any CPU = Release|Any CPU
	EndGlobalSection
	GlobalSection(ProjectConfigurationPlatforms) = postSolution
		{5FF1F8D1-0B82-4A1E-9FA5-C6EEF0221277}.Debug|Any CPU.ActiveCfg = Debug|Any CPU
		{5FF1F8D1-0B82-4A1E-9FA5-C6EEF0221277}.Debug|Any CPU.Build.0 = Debug|Any CPU
		{5FF1F8D1-0B82-4A1E-9FA5-C6EEF0221277}.Release|Any CPU.ActiveCfg = Release|Any CPU
		{5FF1F8D1-0B82-4A1E-9FA5-C6EEF0221277}.Release|Any CPU.Build.0 = Release|Any CPU
		{8997FEE5-C2F0-4A21-996C-ADA5B1CBBC4E}.Debug|Any CPU.ActiveCfg = Debug|Any CPU
		{8997FEE5-C2F0-4A21-996C-ADA5B1CBBC4E}.Debug|Any CPU.Build.0 = Debug|Any CPU
		{8997FEE5-C2F0-4A21-996C-ADA5B1CBBC4E}.Release|Any CPU.ActiveCfg = Release|Any CPU
		{8997FEE5-C2F0-4A21-996C-ADA5B1CBBC4E}.Release|Any CPU.Build.0 = Release|Any CPU
		{D0091557-F541-4A5E-AB05-2CAD2A3B58A4}.Debug|Any CPU.ActiveCfg = Debug|Any CPU
		{D0091557-F541-4A5E-AB05-2CAD2A3B58A4}.Debug|Any CPU.Build.0 = Debug|Any CPU
		{D0091557-F541-4A5E-AB05-2CAD2A3B58A4}.Release|Any CPU.ActiveCfg = Release|Any CPU
		{D0091557-F541-4A5E-AB05-2CAD2A3B58A4}.Release|Any CPU.Build.0 = Release|Any CPU
	EndGlobalSection
	GlobalSection(SolutionProperties) = preSolution
		HideSolutionNode = FALSE
	EndGlobalSection
	GlobalSection(ExtensibilityGlobals) = postSolution
		SolutionGuid = {877BA1C0-AF5E-4B3E-8AFB-E5DE577F7974}
	EndGlobalSection
EndGlobal
