
Microsoft Visual Studio Solution File, Format Version 12.00
# Visual Studio Version 17
VisualStudioVersion = 17.13.35825.156 d17.13
MinimumVisualStudioVersion = 10.0.40219.1
Project("{FAE04EC0-301F-11D3-BF4B-00C04F79EFBC}") = "CalculatorApplication", "CalculatorApplication\CalculatorApplication.csproj", "{4922002D-41F9-43B6-97D8-9880353B683D}"
EndProject
Project("{FAE04EC0-301F-11D3-BF4B-00C04F79EFBC}") = "CalculatorTests", "CalculatorTests\CalculatorTests.csproj", "{F1A7ED3F-140D-4EFD-8012-A9B4C2905D3A}"
EndProject
Global
	GlobalSection(SolutionConfigurationPlatforms) = preSolution
		Debug|Any CPU = Debug|Any CPU
		Release|Any CPU = Release|Any CPU
	EndGlobalSection
	GlobalSection(ProjectConfigurationPlatforms) = postSolution
		{4922002D-41F9-43B6-97D8-9880353B683D}.Debug|Any CPU.ActiveCfg = Debug|Any CPU
		{4922002D-41F9-43B6-97D8-9880353B683D}.Debug|Any CPU.Build.0 = Debug|Any CPU
		{4922002D-41F9-43B6-97D8-9880353B683D}.Release|Any CPU.ActiveCfg = Release|Any CPU
		{4922002D-41F9-43B6-97D8-9880353B683D}.Release|Any CPU.Build.0 = Release|Any CPU
		{F1A7ED3F-140D-4EFD-8012-A9B4C2905D3A}.Debug|Any CPU.ActiveCfg = Debug|Any CPU
		{F1A7ED3F-140D-4EFD-8012-A9B4C2905D3A}.Debug|Any CPU.Build.0 = Debug|Any CPU
		{F1A7ED3F-140D-4EFD-8012-A9B4C2905D3A}.Release|Any CPU.ActiveCfg = Release|Any CPU
		{F1A7ED3F-140D-4EFD-8012-A9B4C2905D3A}.Release|Any CPU.Build.0 = Release|Any CPU
	EndGlobalSection
	GlobalSection(SolutionProperties) = preSolution
		HideSolutionNode = FALSE
	EndGlobalSection
	GlobalSection(ExtensibilityGlobals) = postSolution
		SolutionGuid = {00ED509C-78BD-45EA-ADA0-DBE482C02ECD}
	EndGlobalSection
EndGlobal
